
Microsoft Visual Studio Solution File, Format Version 12.00
# Visual Studio 2013
VisualStudioVersion = 12.0.21005.1
MinimumVisualStudioVersion = 10.0.40219.1
Project("{FAE04EC0-301F-11D3-BF4B-00C04F79EFBC}") = "cw_40125689", "cw_40125689\cw_40125689.csproj", "{89D131A8-0BCA-4B20-A29B-FE8B7EBBACCF}"
EndProject
Project("{F088123C-0E9E-452A-89E6-6BA2F21D5CAC}") = "ModelingProject1", "ModelingProject1\ModelingProject1.modelproj", "{F4D49E00-4186-4AFD-8A37-1F5D9E09A314}"
EndProject
Global
	GlobalSection(SolutionConfigurationPlatforms) = preSolution
		Debug|Any CPU = Debug|Any CPU
		Release|Any CPU = Release|Any CPU
	EndGlobalSection
	GlobalSection(ProjectConfigurationPlatforms) = postSolution
		{89D131A8-0BCA-4B20-A29B-FE8B7EBBACCF}.Debug|Any CPU.ActiveCfg = Debug|Any CPU
		{89D131A8-0BCA-4B20-A29B-FE8B7EBBACCF}.Debug|Any CPU.Build.0 = Debug|Any CPU
		{89D131A8-0BCA-4B20-A29B-FE8B7EBBACCF}.Release|Any CPU.ActiveCfg = Release|Any CPU
		{89D131A8-0BCA-4B20-A29B-FE8B7EBBACCF}.Release|Any CPU.Build.0 = Release|Any CPU
		{F4D49E00-4186-4AFD-8A37-1F5D9E09A314}.Debug|Any CPU.ActiveCfg = Debug|Any CPU
		{F4D49E00-4186-4AFD-8A37-1F5D9E09A314}.Debug|Any CPU.Build.0 = Debug|Any CPU
		{F4D49E00-4186-4AFD-8A37-1F5D9E09A314}.Release|Any CPU.ActiveCfg = Release|Any CPU
		{F4D49E00-4186-4AFD-8A37-1F5D9E09A314}.Release|Any CPU.Build.0 = Release|Any CPU
	EndGlobalSection
	GlobalSection(SolutionProperties) = preSolution
		HideSolutionNode = FALSE
	EndGlobalSection
EndGlobal
